
Microsoft Visual Studio Solution File, Format Version 12.00
# Visual Studio Version 17
VisualStudioVersion = 17.7.34031.279
MinimumVisualStudioVersion = 10.0.40219.1
Project("{9A19103F-16F7-4668-BE54-9A1E7A4F7556}") = "CO5227_Assignment", "CO5227_Assignment\CO5227_Assignment.csproj", "{C4C3CB46-4F75-4050-85D7-DC512F81EB5A}"
EndProject
Global
	GlobalSection(SolutionConfigurationPlatforms) = preSolution
		Debug|Any CPU = Debug|Any CPU
		Release|Any CPU = Release|Any CPU
	EndGlobalSection
	GlobalSection(ProjectConfigurationPlatforms) = postSolution
		{C4C3CB46-4F75-4050-85D7-DC512F81EB5A}.Debug|Any CPU.ActiveCfg = Debug|Any CPU
		{C4C3CB46-4F75-4050-85D7-DC512F81EB5A}.Debug|Any CPU.Build.0 = Debug|Any CPU
		{C4C3CB46-4F75-4050-85D7-DC512F81EB5A}.Release|Any CPU.ActiveCfg = Release|Any CPU
		{C4C3CB46-4F75-4050-85D7-DC512F81EB5A}.Release|Any CPU.Build.0 = Release|Any CPU
	EndGlobalSection
	GlobalSection(SolutionProperties) = preSolution
		HideSolutionNode = FALSE
	EndGlobalSection
	GlobalSection(ExtensibilityGlobals) = postSolution
		SolutionGuid = {9E059D61-AE91-4813-88C9-AEF4DDD660FE}
	EndGlobalSection
EndGlobal
